// !$*UTF8*$!
{
	archiveVersion = 1;
	classes = {
	};
	objectVersion = 46;
	objects = {

/* Begin PBXBuildFile section */
		292436221C059CF6002DACFE /* PersonStore.m in Sources */ = {isa = PBXBuildFile; fileRef = 292436211C059CF6002DACFE /* PersonStore.m */; };
		29BA183C1C0DCA0800DD9A3D /* DetailViewController.m in Sources */ = {isa = PBXBuildFile; fileRef = 29BA183A1C0DCA0800DD9A3D /* DetailViewController.m */; };
		29BA183D1C0DCA0800DD9A3D /* DetailViewController.xib in Resources */ = {isa = PBXBuildFile; fileRef = 29BA183B1C0DCA0800DD9A3D /* DetailViewController.xib */; };
		F4FC43F71C05880400EC4292 /* main.m in Sources */ = {isa = PBXBuildFile; fileRef = F4FC43F61C05880400EC4292 /* main.m */; };
		F4FC43FA1C05880400EC4292 /* AppDelegate.m in Sources */ = {isa = PBXBuildFile; fileRef = F4FC43F91C05880400EC4292 /* AppDelegate.m */; };
		F4FC43FD1C05880400EC4292 /* ViewController.m in Sources */ = {isa = PBXBuildFile; fileRef = F4FC43FC1C05880400EC4292 /* ViewController.m */; };
		F4FC44001C05880500EC4292 /* Main.storyboard in Resources */ = {isa = PBXBuildFile; fileRef = F4FC43FE1C05880500EC4292 /* Main.storyboard */; };
		F4FC44021C05880500EC4292 /* Images.xcassets in Resources */ = {isa = PBXBuildFile; fileRef = F4FC44011C05880500EC4292 /* Images.xcassets */; };
		F4FC44051C05880500EC4292 /* LaunchScreen.xib in Resources */ = {isa = PBXBuildFile; fileRef = F4FC44031C05880500EC4292 /* LaunchScreen.xib */; };
		F4FC44111C05880500EC4292 /* UserTests.m in Sources */ = {isa = PBXBuildFile; fileRef = F4FC44101C05880500EC4292 /* UserTests.m */; };
		F4FC441F1C058BDF00EC4292 /* ItemsViewController.m in Sources */ = {isa = PBXBuildFile; fileRef = F4FC441E1C058BDF00EC4292 /* ItemsViewController.m */; };
		F4FC443B1C059A4C00EC4292 /* Person.m in Sources */ = {isa = PBXBuildFile; fileRef = F4FC443A1C059A4C00EC4292 /* Person.m */; };
/* End PBXBuildFile section */

/* Begin PBXContainerItemProxy section */
		F4FC440B1C05880500EC4292 /* PBXContainerItemProxy */ = {
			isa = PBXContainerItemProxy;
			containerPortal = F4FC43E91C05880400EC4292 /* Project object */;
			proxyType = 1;
			remoteGlobalIDString = F4FC43F01C05880400EC4292;
			remoteInfo = User;
		};
/* End PBXContainerItemProxy section */

/* Begin PBXFileReference section */
		292436201C059CF6002DACFE /* PersonStore.h */ = {isa = PBXFileReference; fileEncoding = 4; lastKnownFileType = sourcecode.c.h; path = PersonStore.h; sourceTree = "<group>"; };
		292436211C059CF6002DACFE /* PersonStore.m */ = {isa = PBXFileReference; fileEncoding = 4; lastKnownFileType = sourcecode.c.objc; path = PersonStore.m; sourceTree = "<group>"; };
		29BA18391C0DCA0800DD9A3D /* DetailViewController.h */ = {isa = PBXFileReference; fileEncoding = 4; lastKnownFileType = sourcecode.c.h; path = DetailViewController.h; sourceTree = "<group>"; };
		29BA183A1C0DCA0800DD9A3D /* DetailViewController.m */ = {isa = PBXFileReference; fileEncoding = 4; lastKnownFileType = sourcecode.c.objc; path = DetailViewController.m; sourceTree = "<group>"; };
		29BA183B1C0DCA0800DD9A3D /* DetailViewController.xib */ = {isa = PBXFileReference; fileEncoding = 4; lastKnownFileType = file.xib; path = DetailViewController.xib; sourceTree = "<group>"; };
		F4FC43F11C05880400EC4292 /* User.app */ = {isa = PBXFileReference; explicitFileType = wrapper.application; includeInIndex = 0; path = User.app; sourceTree = BUILT_PRODUCTS_DIR; };
		F4FC43F51C05880400EC4292 /* Info.plist */ = {isa = PBXFileReference; lastKnownFileType = text.plist.xml; path = Info.plist; sourceTree = "<group>"; };
		F4FC43F61C05880400EC4292 /* main.m */ = {isa = PBXFileReference; lastKnownFileType = sourcecode.c.objc; path = main.m; sourceTree = "<group>"; };
		F4FC43F81C05880400EC4292 /* AppDelegate.h */ = {isa = PBXFileReference; lastKnownFileType = sourcecode.c.h; path = AppDelegate.h; sourceTree = "<group>"; };
		F4FC43F91C05880400EC4292 /* AppDelegate.m */ = {isa = PBXFileReference; lastKnownFileType = sourcecode.c.objc; path = AppDelegate.m; sourceTree = "<group>"; };
		F4FC43FB1C05880400EC4292 /* ViewController.h */ = {isa = PBXFileReference; lastKnownFileType = sourcecode.c.h; path = ViewController.h; sourceTree = "<group>"; };
		F4FC43FC1C05880400EC4292 /* ViewController.m */ = {isa = PBXFileReference; lastKnownFileType = sourcecode.c.objc; path = ViewController.m; sourceTree = "<group>"; };
		F4FC43FF1C05880500EC4292 /* Base */ = {isa = PBXFileReference; lastKnownFileType = file.storyboard; name = Base; path = Base.lproj/Main.storyboard; sourceTree = "<group>"; };
		F4FC44011C05880500EC4292 /* Images.xcassets */ = {isa = PBXFileReference; lastKnownFileType = folder.assetcatalog; path = Images.xcassets; sourceTree = "<group>"; };
		F4FC44041C05880500EC4292 /* Base */ = {isa = PBXFileReference; lastKnownFileType = file.xib; name = Base; path = Base.lproj/LaunchScreen.xib; sourceTree = "<group>"; };
		F4FC440A1C05880500EC4292 /* UserTests.xctest */ = {isa = PBXFileReference; explicitFileType = wrapper.cfbundle; includeInIndex = 0; path = UserTests.xctest; sourceTree = BUILT_PRODUCTS_DIR; };
		F4FC440F1C05880500EC4292 /* Info.plist */ = {isa = PBXFileReference; lastKnownFileType = text.plist.xml; path = Info.plist; sourceTree = "<group>"; };
		F4FC44101C05880500EC4292 /* UserTests.m */ = {isa = PBXFileReference; lastKnownFileType = sourcecode.c.objc; path = UserTests.m; sourceTree = "<group>"; };
		F4FC441D1C058BDF00EC4292 /* ItemsViewController.h */ = {isa = PBXFileReference; fileEncoding = 4; lastKnownFileType = sourcecode.c.h; path = ItemsViewController.h; sourceTree = "<group>"; };
		F4FC441E1C058BDF00EC4292 /* ItemsViewController.m */ = {isa = PBXFileReference; fileEncoding = 4; lastKnownFileType = sourcecode.c.objc; path = ItemsViewController.m; sourceTree = "<group>"; };
		F4FC44391C059A4C00EC4292 /* Person.h */ = {isa = PBXFileReference; fileEncoding = 4; lastKnownFileType = sourcecode.c.h; path = Person.h; sourceTree = "<group>"; };
		F4FC443A1C059A4C00EC4292 /* Person.m */ = {isa = PBXFileReference; fileEncoding = 4; lastKnownFileType = sourcecode.c.objc; path = Person.m; sourceTree = "<group>"; };
/* End PBXFileReference section */

/* Begin PBXFrameworksBuildPhase section */
		F4FC43EE1C05880400EC4292 /* Frameworks */ = {
			isa = PBXFrameworksBuildPhase;
			buildActionMask = 2147483647;
			files = (
			);
			runOnlyForDeploymentPostprocessing = 0;
		};
		F4FC44071C05880500EC4292 /* Frameworks */ = {
			isa = PBXFrameworksBuildPhase;
			buildActionMask = 2147483647;
			files = (
			);
			runOnlyForDeploymentPostprocessing = 0;
		};
/* End PBXFrameworksBuildPhase section */

/* Begin PBXGroup section */
		F4FC43E81C05880400EC4292 = {
			isa = PBXGroup;
			children = (
				F4FC43F31C05880400EC4292 /* User */,
				F4FC440D1C05880500EC4292 /* UserTests */,
				F4FC43F21C05880400EC4292 /* Products */,
			);
			sourceTree = "<group>";
		};
		F4FC43F21C05880400EC4292 /* Products */ = {
			isa = PBXGroup;
			children = (
				F4FC43F11C05880400EC4292 /* User.app */,
				F4FC440A1C05880500EC4292 /* UserTests.xctest */,
			);
			name = Products;
			sourceTree = "<group>";
		};
		F4FC43F31C05880400EC4292 /* User */ = {
			isa = PBXGroup;
			children = (
				F4FC43F91C05880400EC4292 /* AppDelegate.m */,
				29BA18391C0DCA0800DD9A3D /* DetailViewController.h */,
				29BA183A1C0DCA0800DD9A3D /* DetailViewController.m */,
				29BA183B1C0DCA0800DD9A3D /* DetailViewController.xib */,
				F4FC43F81C05880400EC4292 /* AppDelegate.h */,
				F4FC44391C059A4C00EC4292 /* Person.h */,
				F4FC443A1C059A4C00EC4292 /* Person.m */,
				292436201C059CF6002DACFE /* PersonStore.h */,
				292436211C059CF6002DACFE /* PersonStore.m */,
				F4FC441D1C058BDF00EC4292 /* ItemsViewController.h */,
				F4FC441E1C058BDF00EC4292 /* ItemsViewController.m */,
				F4FC43FB1C05880400EC4292 /* ViewController.h */,
				F4FC43FC1C05880400EC4292 /* ViewController.m */,
				F4FC43FE1C05880500EC4292 /* Main.storyboard */,
				F4FC44011C05880500EC4292 /* Images.xcassets */,
				F4FC44031C05880500EC4292 /* LaunchScreen.xib */,
				F4FC43F41C05880400EC4292 /* Supporting Files */,
			);
			path = User;
			sourceTree = "<group>";
		};
		F4FC43F41C05880400EC4292 /* Supporting Files */ = {
			isa = PBXGroup;
			children = (
				F4FC43F51C05880400EC4292 /* Info.plist */,
				F4FC43F61C05880400EC4292 /* main.m */,
			);
			name = "Supporting Files";
			sourceTree = "<group>";
		};
		F4FC440D1C05880500EC4292 /* UserTests */ = {
			isa = PBXGroup;
			children = (
				F4FC44101C05880500EC4292 /* UserTests.m */,
				F4FC440E1C05880500EC4292 /* Supporting Files */,
			);
			path = UserTests;
			sourceTree = "<group>";
		};
		F4FC440E1C05880500EC4292 /* Supporting Files */ = {
			isa = PBXGroup;
			children = (
				F4FC440F1C05880500EC4292 /* Info.plist */,
			);
			name = "Supporting Files";
			sourceTree = "<group>";
		};
/* End PBXGroup section */

/* Begin PBXNativeTarget section */
		F4FC43F01C05880400EC4292 /* User */ = {
			isa = PBXNativeTarget;
			buildConfigurationList = F4FC44141C05880500EC4292 /* Build configuration list for PBXNativeTarget "User" */;
			buildPhases = (
				F4FC43ED1C05880400EC4292 /* Sources */,
				F4FC43EE1C05880400EC4292 /* Frameworks */,
				F4FC43EF1C05880400EC4292 /* Resources */,
			);
			buildRules = (
			);
			dependencies = (
			);
			name = User;
			productName = User;
			productReference = F4FC43F11C05880400EC4292 /* User.app */;
			productType = "com.apple.product-type.application";
		};
		F4FC44091C05880500EC4292 /* UserTests */ = {
			isa = PBXNativeTarget;
			buildConfigurationList = F4FC44171C05880500EC4292 /* Build configuration list for PBXNativeTarget "UserTests" */;
			buildPhases = (
				F4FC44061C05880500EC4292 /* Sources */,
				F4FC44071C05880500EC4292 /* Frameworks */,
				F4FC44081C05880500EC4292 /* Resources */,
			);
			buildRules = (
			);
			dependencies = (
				F4FC440C1C05880500EC4292 /* PBXTargetDependency */,
			);
			name = UserTests;
			productName = UserTests;
			productReference = F4FC440A1C05880500EC4292 /* UserTests.xctest */;
			productType = "com.apple.product-type.bundle.unit-test";
		};
/* End PBXNativeTarget section */

/* Begin PBXProject section */
		F4FC43E91C05880400EC4292 /* Project object */ = {
			isa = PBXProject;
			attributes = {
				LastUpgradeCheck = 0640;
				ORGANIZATIONNAME = "Johny Babylon";
				TargetAttributes = {
					F4FC43F01C05880400EC4292 = {
						CreatedOnToolsVersion = 6.4;
					};
					F4FC44091C05880500EC4292 = {
						CreatedOnToolsVersion = 6.4;
						TestTargetID = F4FC43F01C05880400EC4292;
					};
				};
			};
			buildConfigurationList = F4FC43EC1C05880400EC4292 /* Build configuration list for PBXProject "User" */;
			compatibilityVersion = "Xcode 3.2";
			developmentRegion = English;
			hasScannedForEncodings = 0;
			knownRegions = (
				en,
				Base,
			);
			mainGroup = F4FC43E81C05880400EC4292;
			productRefGroup = F4FC43F21C05880400EC4292 /* Products */;
			projectDirPath = "";
			projectRoot = "";
			targets = (
				F4FC43F01C05880400EC4292 /* User */,
				F4FC44091C05880500EC4292 /* UserTests */,
			);
		};
/* End PBXProject section */

/* Begin PBXResourcesBuildPhase section */
		F4FC43EF1C05880400EC4292 /* Resources */ = {
			isa = PBXResourcesBuildPhase;
			buildActionMask = 2147483647;
			files = (
				F4FC44001C05880500EC4292 /* Main.storyboard in Resources */,
				F4FC44051C05880500EC4292 /* LaunchScreen.xib in Resources */,
				29BA183D1C0DCA0800DD9A3D /* DetailViewController.xib in Resources */,
				F4FC44021C05880500EC4292 /* Images.xcassets in Resources */,
			);
			runOnlyForDeploymentPostprocessing = 0;
		};
		F4FC44081C05880500EC4292 /* Resources */ = {
			isa = PBXResourcesBuildPhase;
			buildActionMask = 2147483647;
			files = (
			);
			runOnlyForDeploymentPostprocessing = 0;
		};
/* End PBXResourcesBuildPhase section */

/* Begin PBXSourcesBuildPhase section */
		F4FC43ED1C05880400EC4292 /* Sources */ = {
			isa = PBXSourcesBuildPhase;
			buildActionMask = 2147483647;
			files = (
				292436221C059CF6002DACFE /* PersonStore.m in Sources */,
				F4FC43FD1C05880400EC4292 /* ViewController.m in Sources */,
				F4FC441F1C058BDF00EC4292 /* ItemsViewController.m in Sources */,
				F4FC443B1C059A4C00EC4292 /* Person.m in Sources */,
				F4FC43FA1C05880400EC4292 /* AppDelegate.m in Sources */,
				F4FC43F71C05880400EC4292 /* main.m in Sources */,
				29BA183C1C0DCA0800DD9A3D /* DetailViewController.m in Sources */,
			);
			runOnlyForDeploymentPostprocessing = 0;
		};
		F4FC44061C05880500EC4292 /* Sources */ = {
			isa = PBXSourcesBuildPhase;
			buildActionMask = 2147483647;
			files = (
				F4FC44111C05880500EC4292 /* UserTests.m in Sources */,
			);
			runOnlyForDeploymentPostprocessing = 0;
		};
/* End PBXSourcesBuildPhase section */

/* Begin PBXTargetDependency section */
		F4FC440C1C05880500EC4292 /* PBXTargetDependency */ = {
			isa = PBXTargetDependency;
			target = F4FC43F01C05880400EC4292 /* User */;
			targetProxy = F4FC440B1C05880500EC4292 /* PBXContainerItemProxy */;
		};
/* End PBXTargetDependency section */

/* Begin PBXVariantGroup section */
		F4FC43FE1C05880500EC4292 /* Main.storyboard */ = {
			isa = PBXVariantGroup;
			children = (
				F4FC43FF1C05880500EC4292 /* Base */,
			);
			name = Main.storyboard;
			sourceTree = "<group>";
		};
		F4FC44031C05880500EC4292 /* LaunchScreen.xib */ = {
			isa = PBXVariantGroup;
			children = (
				F4FC44041C05880500EC4292 /* Base */,
			);
			name = LaunchScreen.xib;
			sourceTree = "<group>";
		};
/* End PBXVariantGroup section */

/* Begin XCBuildConfiguration section */
		F4FC44121C05880500EC4292 /* Debug */ = {
			isa = XCBuildConfiguration;
			buildSettings = {
				ALWAYS_SEARCH_USER_PATHS = NO;
				CLANG_CXX_LANGUAGE_STANDARD = "gnu++0x";
				CLANG_CXX_LIBRARY = "libc++";
				CLANG_ENABLE_MODULES = YES;
				CLANG_ENABLE_OBJC_ARC = YES;
				CLANG_WARN_BOOL_CONVERSION = YES;
				CLANG_WARN_CONSTANT_CONVERSION = YES;
				CLANG_WARN_DIRECT_OBJC_ISA_USAGE = YES_ERROR;
				CLANG_WARN_EMPTY_BODY = YES;
				CLANG_WARN_ENUM_CONVERSION = YES;
				CLANG_WARN_INT_CONVERSION = YES;
				CLANG_WARN_OBJC_ROOT_CLASS = YES_ERROR;
				CLANG_WARN_UNREACHABLE_CODE = YES;
				CLANG_WARN__DUPLICATE_METHOD_MATCH = YES;
				"CODE_SIGN_IDENTITY[sdk=iphoneos*]" = "iPhone Developer";
				COPY_PHASE_STRIP = NO;
				DEBUG_INFORMATION_FORMAT = "dwarf-with-dsym";
				ENABLE_STRICT_OBJC_MSGSEND = YES;
				GCC_C_LANGUAGE_STANDARD = gnu99;
				GCC_DYNAMIC_NO_PIC = NO;
				GCC_NO_COMMON_BLOCKS = YES;
				GCC_OPTIMIZATION_LEVEL = 0;
				GCC_PREPROCESSOR_DEFINITIONS = (
					"DEBUG=1",
					"$(inherited)",
				);
				GCC_SYMBOLS_PRIVATE_EXTERN = NO;
				GCC_WARN_64_TO_32_BIT_CONVERSION = YES;
				GCC_WARN_ABOUT_RETURN_TYPE = YES_ERROR;
				GCC_WARN_UNDECLARED_SELECTOR = YES;
				GCC_WARN_UNINITIALIZED_AUTOS = YES_AGGRESSIVE;
				GCC_WARN_UNUSED_FUNCTION = YES;
				GCC_WARN_UNUSED_VARIABLE = YES;
				IPHONEOS_DEPLOYMENT_TARGET = 8.4;
				MTL_ENABLE_DEBUG_INFO = YES;
				ONLY_ACTIVE_ARCH = YES;
				SDKROOT = iphoneos;
				TARGETED_DEVICE_FAMILY = "1,2";
			};
			name = Debug;
		};
		F4FC44131C05880500EC4292 /* Release */ = {
			isa = XCBuildConfiguration;
			buildSettings = {
				ALWAYS_SEARCH_USER_PATHS = NO;
				CLANG_CXX_LANGUAGE_STANDARD = "gnu++0x";
				CLANG_CXX_LIBRARY = "libc++";
				CLANG_ENABLE_MODULES = YES;
				CLANG_ENABLE_OBJC_ARC = YES;
				CLANG_WARN_BOOL_CONVERSION = YES;
				CLANG_WARN_CONSTANT_CONVERSION = YES;
				CLANG_WARN_DIRECT_OBJC_ISA_USAGE = YES_ERROR;
				CLANG_WARN_EMPTY_BODY = YES;
				CLANG_WARN_ENUM_CONVERSION = YES;
				CLANG_WARN_INT_CONVERSION = YES;
				CLANG_WARN_OBJC_ROOT_CLASS = YES_ERROR;
				CLANG_WARN_UNREACHABLE_CODE = YES;
				CLANG_WARN__DUPLICATE_METHOD_MATCH = YES;
				"CODE_SIGN_IDENTITY[sdk=iphoneos*]" = "iPhone Developer";
				COPY_PHASE_STRIP = NO;
				DEBUG_INFORMATION_FORMAT = "dwarf-with-dsym";
				ENABLE_NS_ASSERTIONS = NO;
				ENABLE_STRICT_OBJC_MSGSEND = YES;
				GCC_C_LANGUAGE_STANDARD = gnu99;
				GCC_NO_COMMON_BLOCKS = YES;
				GCC_WARN_64_TO_32_BIT_CONVERSION = YES;
				GCC_WARN_ABOUT_RETURN_TYPE = YES_ERROR;
				GCC_WARN_UNDECLARED_SELECTOR = YES;
				GCC_WARN_UNINITIALIZED_AUTOS = YES_AGGRESSIVE;
				GCC_WARN_UNUSED_FUNCTION = YES;
				GCC_WARN_UNUSED_VARIABLE = YES;
				IPHONEOS_DEPLOYMENT_TARGET = 8.4;
				MTL_ENABLE_DEBUG_INFO = NO;
				SDKROOT = iphoneos;
				TARGETED_DEVICE_FAMILY = "1,2";
				VALIDATE_PRODUCT = YES;
			};
			name = Release;
		};
		F4FC44151C05880500EC4292 /* Debug */ = {
			isa = XCBuildConfiguration;
			buildSettings = {
				ASSETCATALOG_COMPILER_APPICON_NAME = AppIcon;
				INFOPLIST_FILE = User/Info.plist;
				IPHONEOS_DEPLOYMENT_TARGET = 6.1;
				LD_RUNPATH_SEARCH_PATHS = "$(inherited) @executable_path/Frameworks";
				PRODUCT_NAME = "$(TARGET_NAME)";
				TARGETED_DEVICE_FAMILY = 1;
			};
			name = Debug;
		};
		F4FC44161C05880500EC4292 /* Release */ = {
			isa = XCBuildConfiguration;
			buildSettings = {
				ASSETCATALOG_COMPILER_APPICON_NAME = AppIcon;
				INFOPLIST_FILE = User/Info.plist;
				IPHONEOS_DEPLOYMENT_TARGET = 6.1;
				LD_RUNPATH_SEARCH_PATHS = "$(inherited) @executable_path/Frameworks";
				PRODUCT_NAME = "$(TARGET_NAME)";
				TARGETED_DEVICE_FAMILY = 1;
			};
			name = Release;
		};
		F4FC44181C05880500EC4292 /* Debug */ = {
			isa = XCBuildConfiguration;
			buildSettings = {
				BUNDLE_LOADER = "$(TEST_HOST)";
				FRAMEWORK_SEARCH_PATHS = (
					"$(SDKROOT)/Developer/Library/Frameworks",
					"$(inherited)",
				);
				GCC_PREPROCESSOR_DEFINITIONS = (
					"DEBUG=1",
					"$(inherited)",
				);
				INFOPLIST_FILE = UserTests/Info.plist;
				LD_RUNPATH_SEARCH_PATHS = "$(inherited) @executable_path/Frameworks @loader_path/Frameworks";
				PRODUCT_NAME = "$(TARGET_NAME)";
				TEST_HOST = "$(BUILT_PRODUCTS_DIR)/User.app/User";
			};
			name = Debug;
		};
		F4FC44191C05880500EC4292 /* Release */ = {
			isa = XCBuildConfiguration;
			buildSettings = {
				BUNDLE_LOADER = "$(TEST_HOST)";
				FRAMEWORK_SEARCH_PATHS = (
					"$(SDKROOT)/Developer/Library/Frameworks",
					"$(inherited)",
				);
				INFOPLIST_FILE = UserTests/Info.plist;
				LD_RUNPATH_SEARCH_PATHS = "$(inherited) @executable_path/Frameworks @loader_path/Frameworks";
				PRODUCT_NAME = "$(TARGET_NAME)";
				TEST_HOST = "$(BUILT_PRODUCTS_DIR)/User.app/User";
			};
			name = Release;
		};
/* End XCBuildConfiguration section */

/* Begin XCConfigurationList section */
		F4FC43EC1C05880400EC4292 /* Build configuration list for PBXProject "User" */ = {
			isa = XCConfigurationList;
			buildConfigurations = (
				F4FC44121C05880500EC4292 /* Debug */,
				F4FC44131C05880500EC4292 /* Release */,
			);
			defaultConfigurationIsVisible = 0;
			defaultConfigurationName = Release;
		};
		F4FC44141C05880500EC4292 /* Build configuration list for PBXNativeTarget "User" */ = {
			isa = XCConfigurationList;
			buildConfigurations = (
				F4FC44151C05880500EC4292 /* Debug */,
				F4FC44161C05880500EC4292 /* Release */,
			);
			defaultConfigurationIsVisible = 0;
			defaultConfigurationName = Release;
		};
		F4FC44171C05880500EC4292 /* Build configuration list for PBXNativeTarget "UserTests" */ = {
			isa = XCConfigurationList;
			buildConfigurations = (
				F4FC44181C05880500EC4292 /* Debug */,
				F4FC44191C05880500EC4292 /* Release */,
			);
			defaultConfigurationIsVisible = 0;
			defaultConfigurationName = Release;
		};
/* End XCConfigurationList section */
	};
	rootObject = F4FC43E91C05880400EC4292 /* Project object */;
}
